
Microsoft Visual Studio Solution File, Format Version 12.00
# Visual Studio Version 16
VisualStudioVersion = 16.0.30011.22
MinimumVisualStudioVersion = 10.0.40219.1
Project("{FAE04EC0-301F-11D3-BF4B-00C04F79EFBC}") = "Exercício de Fixação", "Exercício de Fixação\Exercício de Fixação.csproj", "{D53DECAE-5A46-478D-B9CB-AD3D66E350BC}"
EndProject
Global
	GlobalSection(SolutionConfigurationPlatforms) = preSolution
		Debug|Any CPU = Debug|Any CPU
		Release|Any CPU = Release|Any CPU
	EndGlobalSection
	GlobalSection(ProjectConfigurationPlatforms) = postSolution
		{D53DECAE-5A46-478D-B9CB-AD3D66E350BC}.Debug|Any CPU.ActiveCfg = Debug|Any CPU
		{D53DECAE-5A46-478D-B9CB-AD3D66E350BC}.Debug|Any CPU.Build.0 = Debug|Any CPU
		{D53DECAE-5A46-478D-B9CB-AD3D66E350BC}.Release|Any CPU.ActiveCfg = Release|Any CPU
		{D53DECAE-5A46-478D-B9CB-AD3D66E350BC}.Release|Any CPU.Build.0 = Release|Any CPU
	EndGlobalSection
	GlobalSection(SolutionProperties) = preSolution
		HideSolutionNode = FALSE
	EndGlobalSection
	GlobalSection(ExtensibilityGlobals) = postSolution
		SolutionGuid = {1909806D-498F-4FCC-8E48-C896F72935E9}
	EndGlobalSection
EndGlobal
