
Microsoft Visual Studio Solution File, Format Version 12.00
# Visual Studio Version 16
VisualStudioVersion = 16.0.30011.22
MinimumVisualStudioVersion = 10.0.40219.1
Project("{FAE04EC0-301F-11D3-BF4B-00C04F79EFBC}") = "Excecoes Personalizadas", "Excecoes Personalizadas\Excecoes Personalizadas.csproj", "{1F068209-3965-4C2B-867F-6EBD9348BB4D}"
EndProject
Global
	GlobalSection(SolutionConfigurationPlatforms) = preSolution
		Debug|Any CPU = Debug|Any CPU
		Release|Any CPU = Release|Any CPU
	EndGlobalSection
	GlobalSection(ProjectConfigurationPlatforms) = postSolution
		{1F068209-3965-4C2B-867F-6EBD9348BB4D}.Debug|Any CPU.ActiveCfg = Debug|Any CPU
		{1F068209-3965-4C2B-867F-6EBD9348BB4D}.Debug|Any CPU.Build.0 = Debug|Any CPU
		{1F068209-3965-4C2B-867F-6EBD9348BB4D}.Release|Any CPU.ActiveCfg = Release|Any CPU
		{1F068209-3965-4C2B-867F-6EBD9348BB4D}.Release|Any CPU.Build.0 = Release|Any CPU
	EndGlobalSection
	GlobalSection(SolutionProperties) = preSolution
		HideSolutionNode = FALSE
	EndGlobalSection
	GlobalSection(ExtensibilityGlobals) = postSolution
		SolutionGuid = {8608DCFC-F534-435C-A6E7-77EF2815EB06}
	EndGlobalSection
EndGlobal
