
Microsoft Visual Studio Solution File, Format Version 12.00
# Visual Studio Version 16
VisualStudioVersion = 16.0.30011.22
MinimumVisualStudioVersion = 10.0.40219.1
Project("{FAE04EC0-301F-11D3-BF4B-00C04F79EFBC}") = "Exercicio Listas", "Exercicio Listas\Exercicio Listas.csproj", "{6DC61D0F-3F3E-4747-933A-16ABD58BD109}"
EndProject
Global
	GlobalSection(SolutionConfigurationPlatforms) = preSolution
		Debug|Any CPU = Debug|Any CPU
		Release|Any CPU = Release|Any CPU
	EndGlobalSection
	GlobalSection(ProjectConfigurationPlatforms) = postSolution
		{6DC61D0F-3F3E-4747-933A-16ABD58BD109}.Debug|Any CPU.ActiveCfg = Debug|Any CPU
		{6DC61D0F-3F3E-4747-933A-16ABD58BD109}.Debug|Any CPU.Build.0 = Debug|Any CPU
		{6DC61D0F-3F3E-4747-933A-16ABD58BD109}.Release|Any CPU.ActiveCfg = Release|Any CPU
		{6DC61D0F-3F3E-4747-933A-16ABD58BD109}.Release|Any CPU.Build.0 = Release|Any CPU
	EndGlobalSection
	GlobalSection(SolutionProperties) = preSolution
		HideSolutionNode = FALSE
	EndGlobalSection
	GlobalSection(ExtensibilityGlobals) = postSolution
		SolutionGuid = {D0794C67-051A-42C7-B1DC-F8D1C802F57F}
	EndGlobalSection
EndGlobal
