
Microsoft Visual Studio Solution File, Format Version 12.00
# Visual Studio Version 16
VisualStudioVersion = 16.0.30011.22
MinimumVisualStudioVersion = 10.0.40219.1
Project("{FAE04EC0-301F-11D3-BF4B-00C04F79EFBC}") = "Metodos Abstratos", "Metodos Abstratos\Metodos Abstratos.csproj", "{4E7A95C5-A8FC-4140-9689-DE989B2F8A81}"
EndProject
Global
	GlobalSection(SolutionConfigurationPlatforms) = preSolution
		Debug|Any CPU = Debug|Any CPU
		Release|Any CPU = Release|Any CPU
	EndGlobalSection
	GlobalSection(ProjectConfigurationPlatforms) = postSolution
		{4E7A95C5-A8FC-4140-9689-DE989B2F8A81}.Debug|Any CPU.ActiveCfg = Debug|Any CPU
		{4E7A95C5-A8FC-4140-9689-DE989B2F8A81}.Debug|Any CPU.Build.0 = Debug|Any CPU
		{4E7A95C5-A8FC-4140-9689-DE989B2F8A81}.Release|Any CPU.ActiveCfg = Release|Any CPU
		{4E7A95C5-A8FC-4140-9689-DE989B2F8A81}.Release|Any CPU.Build.0 = Release|Any CPU
	EndGlobalSection
	GlobalSection(SolutionProperties) = preSolution
		HideSolutionNode = FALSE
	EndGlobalSection
	GlobalSection(ExtensibilityGlobals) = postSolution
		SolutionGuid = {7FB4905F-854B-463C-A5EE-EA58DC0713AC}
	EndGlobalSection
EndGlobal
