
Microsoft Visual Studio Solution File, Format Version 12.00
# Visual Studio Version 16
VisualStudioVersion = 16.0.30011.22
MinimumVisualStudioVersion = 10.0.40219.1
Project("{FAE04EC0-301F-11D3-BF4B-00C04F79EFBC}") = "Exercicio Vetores", "Exercicio Vetores\Exercicio Vetores.csproj", "{DA0AA6BF-C335-4F91-B432-825E5691DD11}"
EndProject
Global
	GlobalSection(SolutionConfigurationPlatforms) = preSolution
		Debug|Any CPU = Debug|Any CPU
		Release|Any CPU = Release|Any CPU
	EndGlobalSection
	GlobalSection(ProjectConfigurationPlatforms) = postSolution
		{DA0AA6BF-C335-4F91-B432-825E5691DD11}.Debug|Any CPU.ActiveCfg = Debug|Any CPU
		{DA0AA6BF-C335-4F91-B432-825E5691DD11}.Debug|Any CPU.Build.0 = Debug|Any CPU
		{DA0AA6BF-C335-4F91-B432-825E5691DD11}.Release|Any CPU.ActiveCfg = Release|Any CPU
		{DA0AA6BF-C335-4F91-B432-825E5691DD11}.Release|Any CPU.Build.0 = Release|Any CPU
	EndGlobalSection
	GlobalSection(SolutionProperties) = preSolution
		HideSolutionNode = FALSE
	EndGlobalSection
	GlobalSection(ExtensibilityGlobals) = postSolution
		SolutionGuid = {0ADFD988-E14D-4247-9777-059055A38CC6}
	EndGlobalSection
EndGlobal
