
Microsoft Visual Studio Solution File, Format Version 12.00
# Visual Studio Version 16
VisualStudioVersion = 16.0.30011.22
MinimumVisualStudioVersion = 10.0.40219.1
Project("{FAE04EC0-301F-11D3-BF4B-00C04F79EFBC}") = "Finally", "Finally\Finally.csproj", "{F5C14529-6E8B-4C43-B80D-D60D8B2665C8}"
EndProject
Global
	GlobalSection(SolutionConfigurationPlatforms) = preSolution
		Debug|Any CPU = Debug|Any CPU
		Release|Any CPU = Release|Any CPU
	EndGlobalSection
	GlobalSection(ProjectConfigurationPlatforms) = postSolution
		{F5C14529-6E8B-4C43-B80D-D60D8B2665C8}.Debug|Any CPU.ActiveCfg = Debug|Any CPU
		{F5C14529-6E8B-4C43-B80D-D60D8B2665C8}.Debug|Any CPU.Build.0 = Debug|Any CPU
		{F5C14529-6E8B-4C43-B80D-D60D8B2665C8}.Release|Any CPU.ActiveCfg = Release|Any CPU
		{F5C14529-6E8B-4C43-B80D-D60D8B2665C8}.Release|Any CPU.Build.0 = Release|Any CPU
	EndGlobalSection
	GlobalSection(SolutionProperties) = preSolution
		HideSolutionNode = FALSE
	EndGlobalSection
	GlobalSection(ExtensibilityGlobals) = postSolution
		SolutionGuid = {595764A4-256B-453F-B8E3-6C1AFB96B1F1}
	EndGlobalSection
EndGlobal
