
Microsoft Visual Studio Solution File, Format Version 12.00
# Visual Studio Version 16
VisualStudioVersion = 16.0.30011.22
MinimumVisualStudioVersion = 10.0.40219.1
Project("{FAE04EC0-301F-11D3-BF4B-00C04F79EFBC}") = "Matriz Exercicio Resolvido", "Matriz Exercicio Resolvido\Matriz Exercicio Resolvido.csproj", "{55ED76D4-44A1-40CC-8301-170E00170844}"
EndProject
Global
	GlobalSection(SolutionConfigurationPlatforms) = preSolution
		Debug|Any CPU = Debug|Any CPU
		Release|Any CPU = Release|Any CPU
	EndGlobalSection
	GlobalSection(ProjectConfigurationPlatforms) = postSolution
		{55ED76D4-44A1-40CC-8301-170E00170844}.Debug|Any CPU.ActiveCfg = Debug|Any CPU
		{55ED76D4-44A1-40CC-8301-170E00170844}.Debug|Any CPU.Build.0 = Debug|Any CPU
		{55ED76D4-44A1-40CC-8301-170E00170844}.Release|Any CPU.ActiveCfg = Release|Any CPU
		{55ED76D4-44A1-40CC-8301-170E00170844}.Release|Any CPU.Build.0 = Release|Any CPU
	EndGlobalSection
	GlobalSection(SolutionProperties) = preSolution
		HideSolutionNode = FALSE
	EndGlobalSection
	GlobalSection(ExtensibilityGlobals) = postSolution
		SolutionGuid = {E1DF5452-8FE7-48C6-A299-D1BF854CEF4F}
	EndGlobalSection
EndGlobal
